
Microsoft Visual Studio Solution File, Format Version 12.00
# Visual Studio 2013
VisualStudioVersion = 12.0.31101.0
MinimumVisualStudioVersion = 10.0.40219.1
Project("{FAE04EC0-301F-11D3-BF4B-00C04F79EFBC}") = "JobOA.Tests", "JobOA.Tests\JobOA.Tests.csproj", "{E67CBA5A-4355-43FF-8AB9-82F9BB8F7153}"
EndProject
Project("{FAE04EC0-301F-11D3-BF4B-00C04F79EFBC}") = "JobOA.BLL", "JobOA.BLL\JobOA.BLL.csproj", "{87471A06-7B66-4DF3-8C65-FEF40C5FE9A5}"
EndProject
Project("{FAE04EC0-301F-11D3-BF4B-00C04F79EFBC}") = "JobOA.DAL", "JobOA.DAL\JobOA.DAL.csproj", "{84033CF8-707F-4742-A599-5908A4C7C6ED}"
EndProject
Project("{FAE04EC0-301F-11D3-BF4B-00C04F79EFBC}") = "JobOA.Common", "JobOA.Common\JobOA.Common.csproj", "{1D603083-C640-4E7E-8D70-AF4250C1BFA1}"
EndProject
Project("{FAE04EC0-301F-11D3-BF4B-00C04F79EFBC}") = "JobOA.Model", "JobOA.Model\JobOA.Model.csproj", "{C06710C1-EB28-4A9B-A7BD-7E126AC0F868}"
EndProject
Project("{FAE04EC0-301F-11D3-BF4B-00C04F79EFBC}") = "JobOA.DAL.Tests", "JobOA.DAL.Tests\JobOA.DAL.Tests.csproj", "{7283868E-6ECC-4A4B-8384-08D29C76116F}"
EndProject
Project("{FAE04EC0-301F-11D3-BF4B-00C04F79EFBC}") = "JobOA.Common.Tests", "JobOA.Common.Tests\JobOA.Common.Tests.csproj", "{97252FB2-9011-4DAA-B4B2-1A90C9E0D91E}"
EndProject
Project("{FAE04EC0-301F-11D3-BF4B-00C04F79EFBC}") = "JobOA", "JobOA\JobOA.csproj", "{9C2704D1-CBF1-471C-BBBB-C0A29C2592BD}"
EndProject
Global
	GlobalSection(SolutionConfigurationPlatforms) = preSolution
		Debug|Any CPU = Debug|Any CPU
		Release|Any CPU = Release|Any CPU
	EndGlobalSection
	GlobalSection(ProjectConfigurationPlatforms) = postSolution
		{E67CBA5A-4355-43FF-8AB9-82F9BB8F7153}.Debug|Any CPU.ActiveCfg = Debug|Any CPU
		{E67CBA5A-4355-43FF-8AB9-82F9BB8F7153}.Debug|Any CPU.Build.0 = Debug|Any CPU
		{E67CBA5A-4355-43FF-8AB9-82F9BB8F7153}.Release|Any CPU.ActiveCfg = Release|Any CPU
		{E67CBA5A-4355-43FF-8AB9-82F9BB8F7153}.Release|Any CPU.Build.0 = Release|Any CPU
		{87471A06-7B66-4DF3-8C65-FEF40C5FE9A5}.Debug|Any CPU.ActiveCfg = Debug|Any CPU
		{87471A06-7B66-4DF3-8C65-FEF40C5FE9A5}.Debug|Any CPU.Build.0 = Debug|Any CPU
		{87471A06-7B66-4DF3-8C65-FEF40C5FE9A5}.Release|Any CPU.ActiveCfg = Release|Any CPU
		{87471A06-7B66-4DF3-8C65-FEF40C5FE9A5}.Release|Any CPU.Build.0 = Release|Any CPU
		{84033CF8-707F-4742-A599-5908A4C7C6ED}.Debug|Any CPU.ActiveCfg = Debug|Any CPU
		{84033CF8-707F-4742-A599-5908A4C7C6ED}.Debug|Any CPU.Build.0 = Debug|Any CPU
		{84033CF8-707F-4742-A599-5908A4C7C6ED}.Release|Any CPU.ActiveCfg = Release|Any CPU
		{84033CF8-707F-4742-A599-5908A4C7C6ED}.Release|Any CPU.Build.0 = Release|Any CPU
		{1D603083-C640-4E7E-8D70-AF4250C1BFA1}.Debug|Any CPU.ActiveCfg = Debug|Any CPU
		{1D603083-C640-4E7E-8D70-AF4250C1BFA1}.Debug|Any CPU.Build.0 = Debug|Any CPU
		{1D603083-C640-4E7E-8D70-AF4250C1BFA1}.Release|Any CPU.ActiveCfg = Release|Any CPU
		{1D603083-C640-4E7E-8D70-AF4250C1BFA1}.Release|Any CPU.Build.0 = Release|Any CPU
		{C06710C1-EB28-4A9B-A7BD-7E126AC0F868}.Debug|Any CPU.ActiveCfg = Debug|Any CPU
		{C06710C1-EB28-4A9B-A7BD-7E126AC0F868}.Debug|Any CPU.Build.0 = Debug|Any CPU
		{C06710C1-EB28-4A9B-A7BD-7E126AC0F868}.Release|Any CPU.ActiveCfg = Release|Any CPU
		{C06710C1-EB28-4A9B-A7BD-7E126AC0F868}.Release|Any CPU.Build.0 = Release|Any CPU
		{7283868E-6ECC-4A4B-8384-08D29C76116F}.Debug|Any CPU.ActiveCfg = Debug|Any CPU
		{7283868E-6ECC-4A4B-8384-08D29C76116F}.Debug|Any CPU.Build.0 = Debug|Any CPU
		{7283868E-6ECC-4A4B-8384-08D29C76116F}.Release|Any CPU.ActiveCfg = Release|Any CPU
		{7283868E-6ECC-4A4B-8384-08D29C76116F}.Release|Any CPU.Build.0 = Release|Any CPU
		{97252FB2-9011-4DAA-B4B2-1A90C9E0D91E}.Debug|Any CPU.ActiveCfg = Debug|Any CPU
		{97252FB2-9011-4DAA-B4B2-1A90C9E0D91E}.Debug|Any CPU.Build.0 = Debug|Any CPU
		{97252FB2-9011-4DAA-B4B2-1A90C9E0D91E}.Release|Any CPU.ActiveCfg = Release|Any CPU
		{97252FB2-9011-4DAA-B4B2-1A90C9E0D91E}.Release|Any CPU.Build.0 = Release|Any CPU
		{9C2704D1-CBF1-471C-BBBB-C0A29C2592BD}.Debug|Any CPU.ActiveCfg = Debug|Any CPU
		{9C2704D1-CBF1-471C-BBBB-C0A29C2592BD}.Debug|Any CPU.Build.0 = Debug|Any CPU
		{9C2704D1-CBF1-471C-BBBB-C0A29C2592BD}.Release|Any CPU.ActiveCfg = Release|Any CPU
		{9C2704D1-CBF1-471C-BBBB-C0A29C2592BD}.Release|Any CPU.Build.0 = Release|Any CPU
	EndGlobalSection
	GlobalSection(SolutionProperties) = preSolution
		HideSolutionNode = FALSE
	EndGlobalSection
EndGlobal
